// !$*UTF8*$!
{
	archiveVersion = 1;
	classes = {
	};
	objectVersion = 50;
	objects = {

/* Begin PBXBuildFile section */
		6B281A6224E38F580047B3F5 /* AppDelegate.swift in Sources */ = {isa = PBXBuildFile; fileRef = 6B281A6124E38F580047B3F5 /* AppDelegate.swift */; };
		6B281A6424E38F580047B3F5 /* SceneDelegate.swift in Sources */ = {isa = PBXBuildFile; fileRef = 6B281A6324E38F580047B3F5 /* SceneDelegate.swift */; };
		6B281A6624E38F580047B3F5 /* MainVC.swift in Sources */ = {isa = PBXBuildFile; fileRef = 6B281A6524E38F580047B3F5 /* MainVC.swift */; };
		6B281A6924E38F580047B3F5 /* Main.storyboard in Resources */ = {isa = PBXBuildFile; fileRef = 6B281A6724E38F580047B3F5 /* Main.storyboard */; };
		6B281A6B24E38F580047B3F5 /* Assets.xcassets in Resources */ = {isa = PBXBuildFile; fileRef = 6B281A6A24E38F580047B3F5 /* Assets.xcassets */; };
		6B281A6E24E38F580047B3F5 /* LaunchScreen.storyboard in Resources */ = {isa = PBXBuildFile; fileRef = 6B281A6C24E38F580047B3F5 /* LaunchScreen.storyboard */; };
		6B281A7824E38FC40047B3F5 /* CustomTextField.swift in Sources */ = {isa = PBXBuildFile; fileRef = 6B281A7724E38FC40047B3F5 /* CustomTextField.swift */; };
		6B32BAEF24EE1D8E007D768F /* Cost_CalculatorTests.swift in Sources */ = {isa = PBXBuildFile; fileRef = 6B32BAEE24EE1D8E007D768F /* Cost_CalculatorTests.swift */; };
		6B32BAF824EE1DB8007D768F /* Wage.swift in Sources */ = {isa = PBXBuildFile; fileRef = 6B32BAF724EE1DB8007D768F /* Wage.swift */; };
		6B32BAF924EE1F02007D768F /* Wage.swift in Sources */ = {isa = PBXBuildFile; fileRef = 6B32BAF724EE1DB8007D768F /* Wage.swift */; };
/* End PBXBuildFile section */

/* Begin PBXContainerItemProxy section */
		6B32BAF124EE1D8E007D768F /* PBXContainerItemProxy */ = {
			isa = PBXContainerItemProxy;
			containerPortal = 6B281A5624E38F570047B3F5 /* Project object */;
			proxyType = 1;
			remoteGlobalIDString = 6B281A5D24E38F580047B3F5;
			remoteInfo = "Cost Calculator";
		};
/* End PBXContainerItemProxy section */

/* Begin PBXFileReference section */
		6B281A5E24E38F580047B3F5 /* Cost Calculator.app */ = {isa = PBXFileReference; explicitFileType = wrapper.application; includeInIndex = 0; path = "Cost Calculator.app"; sourceTree = BUILT_PRODUCTS_DIR; };
		6B281A6124E38F580047B3F5 /* AppDelegate.swift */ = {isa = PBXFileReference; lastKnownFileType = sourcecode.swift; path = AppDelegate.swift; sourceTree = "<group>"; };
		6B281A6324E38F580047B3F5 /* SceneDelegate.swift */ = {isa = PBXFileReference; lastKnownFileType = sourcecode.swift; path = SceneDelegate.swift; sourceTree = "<group>"; };
		6B281A6524E38F580047B3F5 /* MainVC.swift */ = {isa = PBXFileReference; lastKnownFileType = sourcecode.swift; path = MainVC.swift; sourceTree = "<group>"; };
		6B281A6824E38F580047B3F5 /* Base */ = {isa = PBXFileReference; lastKnownFileType = file.storyboard; name = Base; path = Base.lproj/Main.storyboard; sourceTree = "<group>"; };
		6B281A6A24E38F580047B3F5 /* Assets.xcassets */ = {isa = PBXFileReference; lastKnownFileType = folder.assetcatalog; path = Assets.xcassets; sourceTree = "<group>"; };
		6B281A6D24E38F580047B3F5 /* Base */ = {isa = PBXFileReference; lastKnownFileType = file.storyboard; name = Base; path = Base.lproj/LaunchScreen.storyboard; sourceTree = "<group>"; };
		6B281A6F24E38F580047B3F5 /* Info.plist */ = {isa = PBXFileReference; lastKnownFileType = text.plist.xml; path = Info.plist; sourceTree = "<group>"; };
		6B281A7724E38FC40047B3F5 /* CustomTextField.swift */ = {isa = PBXFileReference; lastKnownFileType = sourcecode.swift; path = CustomTextField.swift; sourceTree = "<group>"; };
		6B32BAEC24EE1D8E007D768F /* Cost CalculatorTests.xctest */ = {isa = PBXFileReference; explicitFileType = wrapper.cfbundle; includeInIndex = 0; path = "Cost CalculatorTests.xctest"; sourceTree = BUILT_PRODUCTS_DIR; };
		6B32BAEE24EE1D8E007D768F /* Cost_CalculatorTests.swift */ = {isa = PBXFileReference; lastKnownFileType = sourcecode.swift; path = Cost_CalculatorTests.swift; sourceTree = "<group>"; };
		6B32BAF024EE1D8E007D768F /* Info.plist */ = {isa = PBXFileReference; lastKnownFileType = text.plist.xml; path = Info.plist; sourceTree = "<group>"; };
		6B32BAF724EE1DB8007D768F /* Wage.swift */ = {isa = PBXFileReference; lastKnownFileType = sourcecode.swift; path = Wage.swift; sourceTree = "<group>"; };
/* End PBXFileReference section */

/* Begin PBXFrameworksBuildPhase section */
		6B281A5B24E38F580047B3F5 /* Frameworks */ = {
			isa = PBXFrameworksBuildPhase;
			buildActionMask = 2147483647;
			files = (
			);
			runOnlyForDeploymentPostprocessing = 0;
		};
		6B32BAE924EE1D8E007D768F /* Frameworks */ = {
			isa = PBXFrameworksBuildPhase;
			buildActionMask = 2147483647;
			files = (
			);
			runOnlyForDeploymentPostprocessing = 0;
		};
/* End PBXFrameworksBuildPhase section */

/* Begin PBXGroup section */
		6B281A5524E38F570047B3F5 = {
			isa = PBXGroup;
			children = (
				6B281A6024E38F580047B3F5 /* Cost Calculator */,
				6B32BAED24EE1D8E007D768F /* Cost CalculatorTests */,
				6B281A5F24E38F580047B3F5 /* Products */,
			);
			sourceTree = "<group>";
		};
		6B281A5F24E38F580047B3F5 /* Products */ = {
			isa = PBXGroup;
			children = (
				6B281A5E24E38F580047B3F5 /* Cost Calculator.app */,
				6B32BAEC24EE1D8E007D768F /* Cost CalculatorTests.xctest */,
			);
			name = Products;
			sourceTree = "<group>";
		};
		6B281A6024E38F580047B3F5 /* Cost Calculator */ = {
			isa = PBXGroup;
			children = (
				6B32BAF624EE1DA3007D768F /* Model */,
				6B281A7624E38F750047B3F5 /* View */,
				6B281A7524E38F620047B3F5 /* Controller */,
				6B281A6124E38F580047B3F5 /* AppDelegate.swift */,
				6B281A6324E38F580047B3F5 /* SceneDelegate.swift */,
				6B281A6724E38F580047B3F5 /* Main.storyboard */,
				6B281A6A24E38F580047B3F5 /* Assets.xcassets */,
				6B281A6C24E38F580047B3F5 /* LaunchScreen.storyboard */,
				6B281A6F24E38F580047B3F5 /* Info.plist */,
			);
			path = "Cost Calculator";
			sourceTree = "<group>";
		};
		6B281A7524E38F620047B3F5 /* Controller */ = {
			isa = PBXGroup;
			children = (
				6B281A6524E38F580047B3F5 /* MainVC.swift */,
			);
			path = Controller;
			sourceTree = "<group>";
		};
		6B281A7624E38F750047B3F5 /* View */ = {
			isa = PBXGroup;
			children = (
				6B281A7724E38FC40047B3F5 /* CustomTextField.swift */,
			);
			path = View;
			sourceTree = "<group>";
		};
		6B32BAED24EE1D8E007D768F /* Cost CalculatorTests */ = {
			isa = PBXGroup;
			children = (
				6B32BAEE24EE1D8E007D768F /* Cost_CalculatorTests.swift */,
				6B32BAF024EE1D8E007D768F /* Info.plist */,
			);
			path = "Cost CalculatorTests";
			sourceTree = "<group>";
		};
		6B32BAF624EE1DA3007D768F /* Model */ = {
			isa = PBXGroup;
			children = (
				6B32BAF724EE1DB8007D768F /* Wage.swift */,
			);
			path = Model;
			sourceTree = "<group>";
		};
/* End PBXGroup section */

/* Begin PBXNativeTarget section */
		6B281A5D24E38F580047B3F5 /* Cost Calculator */ = {
			isa = PBXNativeTarget;
			buildConfigurationList = 6B281A7224E38F580047B3F5 /* Build configuration list for PBXNativeTarget "Cost Calculator" */;
			buildPhases = (
				6B281A5A24E38F580047B3F5 /* Sources */,
				6B281A5B24E38F580047B3F5 /* Frameworks */,
				6B281A5C24E38F580047B3F5 /* Resources */,
			);
			buildRules = (
			);
			dependencies = (
			);
			name = "Cost Calculator";
			productName = "Cost Calculator";
			productReference = 6B281A5E24E38F580047B3F5 /* Cost Calculator.app */;
			productType = "com.apple.product-type.application";
		};
		6B32BAEB24EE1D8E007D768F /* Cost CalculatorTests */ = {
			isa = PBXNativeTarget;
			buildConfigurationList = 6B32BAF524EE1D8E007D768F /* Build configuration list for PBXNativeTarget "Cost CalculatorTests" */;
			buildPhases = (
				6B32BAE824EE1D8E007D768F /* Sources */,
				6B32BAE924EE1D8E007D768F /* Frameworks */,
				6B32BAEA24EE1D8E007D768F /* Resources */,
			);
			buildRules = (
			);
			dependencies = (
				6B32BAF224EE1D8E007D768F /* PBXTargetDependency */,
			);
			name = "Cost CalculatorTests";
			productName = "Cost CalculatorTests";
			productReference = 6B32BAEC24EE1D8E007D768F /* Cost CalculatorTests.xctest */;
			productType = "com.apple.product-type.bundle.unit-test";
		};
/* End PBXNativeTarget section */

/* Begin PBXProject section */
		6B281A5624E38F570047B3F5 /* Project object */ = {
			isa = PBXProject;
			attributes = {
				LastSwiftUpdateCheck = 1150;
				LastUpgradeCheck = 1150;
				ORGANIZATIONNAME = "Teodoro Corp";
				TargetAttributes = {
					6B281A5D24E38F580047B3F5 = {
						CreatedOnToolsVersion = 11.5;
					};
					6B32BAEB24EE1D8E007D768F = {
						CreatedOnToolsVersion = 11.5;
						TestTargetID = 6B281A5D24E38F580047B3F5;
					};
				};
			};
			buildConfigurationList = 6B281A5924E38F570047B3F5 /* Build configuration list for PBXProject "Cost Calculator" */;
			compatibilityVersion = "Xcode 9.3";
			developmentRegion = en;
			hasScannedForEncodings = 0;
			knownRegions = (
				en,
				Base,
			);
			mainGroup = 6B281A5524E38F570047B3F5;
			productRefGroup = 6B281A5F24E38F580047B3F5 /* Products */;
			projectDirPath = "";
			projectRoot = "";
			targets = (
				6B281A5D24E38F580047B3F5 /* Cost Calculator */,
				6B32BAEB24EE1D8E007D768F /* Cost CalculatorTests */,
			);
		};
/* End PBXProject section */

/* Begin PBXResourcesBuildPhase section */
		6B281A5C24E38F580047B3F5 /* Resources */ = {
			isa = PBXResourcesBuildPhase;
			buildActionMask = 2147483647;
			files = (
				6B281A6E24E38F580047B3F5 /* LaunchScreen.storyboard in Resources */,
				6B281A6B24E38F580047B3F5 /* Assets.xcassets in Resources */,
				6B281A6924E38F580047B3F5 /* Main.storyboard in Resources */,
			);
			runOnlyForDeploymentPostprocessing = 0;
		};
		6B32BAEA24EE1D8E007D768F /* Resources */ = {
			isa = PBXResourcesBuildPhase;
			buildActionMask = 2147483647;
			files = (
			);
			runOnlyForDeploymentPostprocessing = 0;
		};
/* End PBXResourcesBuildPhase section */

/* Begin PBXSourcesBuildPhase section */
		6B281A5A24E38F580047B3F5 /* Sources */ = {
			isa = PBXSourcesBuildPhase;
			buildActionMask = 2147483647;
			files = (
				6B281A7824E38FC40047B3F5 /* CustomTextField.swift in Sources */,
				6B281A6624E38F580047B3F5 /* MainVC.swift in Sources */,
				6B32BAF824EE1DB8007D768F /* Wage.swift in Sources */,
				6B281A6224E38F580047B3F5 /* AppDelegate.swift in Sources */,
				6B281A6424E38F580047B3F5 /* SceneDelegate.swift in Sources */,
			);
			runOnlyForDeploymentPostprocessing = 0;
		};
		6B32BAE824EE1D8E007D768F /* Sources */ = {
			isa = PBXSourcesBuildPhase;
			buildActionMask = 2147483647;
			files = (
				6B32BAEF24EE1D8E007D768F /* Cost_CalculatorTests.swift in Sources */,
				6B32BAF924EE1F02007D768F /* Wage.swift in Sources */,
			);
			runOnlyForDeploymentPostprocessing = 0;
		};
/* End PBXSourcesBuildPhase section */

/* Begin PBXTargetDependency section */
		6B32BAF224EE1D8E007D768F /* PBXTargetDependency */ = {
			isa = PBXTargetDependency;
			target = 6B281A5D24E38F580047B3F5 /* Cost Calculator */;
			targetProxy = 6B32BAF124EE1D8E007D768F /* PBXContainerItemProxy */;
		};
/* End PBXTargetDependency section */

/* Begin PBXVariantGroup section */
		6B281A6724E38F580047B3F5 /* Main.storyboard */ = {
			isa = PBXVariantGroup;
			children = (
				6B281A6824E38F580047B3F5 /* Base */,
			);
			name = Main.storyboard;
			sourceTree = "<group>";
		};
		6B281A6C24E38F580047B3F5 /* LaunchScreen.storyboard */ = {
			isa = PBXVariantGroup;
			children = (
				6B281A6D24E38F580047B3F5 /* Base */,
			);
			name = LaunchScreen.storyboard;
			sourceTree = "<group>";
		};
/* End PBXVariantGroup section */

/* Begin XCBuildConfiguration section */
		6B281A7024E38F580047B3F5 /* Debug */ = {
			isa = XCBuildConfiguration;
			buildSettings = {
				ALWAYS_SEARCH_USER_PATHS = NO;
				CLANG_ANALYZER_NONNULL = YES;
				CLANG_ANALYZER_NUMBER_OBJECT_CONVERSION = YES_AGGRESSIVE;
				CLANG_CXX_LANGUAGE_STANDARD = "gnu++14";
				CLANG_CXX_LIBRARY = "libc++";
				CLANG_ENABLE_MODULES = YES;
				CLANG_ENABLE_OBJC_ARC = YES;
				CLANG_ENABLE_OBJC_WEAK = YES;
				CLANG_WARN_BLOCK_CAPTURE_AUTORELEASING = YES;
				CLANG_WARN_BOOL_CONVERSION = YES;
				CLANG_WARN_COMMA = YES;
				CLANG_WARN_CONSTANT_CONVERSION = YES;
				CLANG_WARN_DEPRECATED_OBJC_IMPLEMENTATIONS = YES;
				CLANG_WARN_DIRECT_OBJC_ISA_USAGE = YES_ERROR;
				CLANG_WARN_DOCUMENTATION_COMMENTS = YES;
				CLANG_WARN_EMPTY_BODY = YES;
				CLANG_WARN_ENUM_CONVERSION = YES;
				CLANG_WARN_INFINITE_RECURSION = YES;
				CLANG_WARN_INT_CONVERSION = YES;
				CLANG_WARN_NON_LITERAL_NULL_CONVERSION = YES;
				CLANG_WARN_OBJC_IMPLICIT_RETAIN_SELF = YES;
				CLANG_WARN_OBJC_LITERAL_CONVERSION = YES;
				CLANG_WARN_OBJC_ROOT_CLASS = YES_ERROR;
				CLANG_WARN_RANGE_LOOP_ANALYSIS = YES;
				CLANG_WARN_STRICT_PROTOTYPES = YES;
				CLANG_WARN_SUSPICIOUS_MOVE = YES;
				CLANG_WARN_UNGUARDED_AVAILABILITY = YES_AGGRESSIVE;
				CLANG_WARN_UNREACHABLE_CODE = YES;
				CLANG_WARN__DUPLICATE_METHOD_MATCH = YES;
				COPY_PHASE_STRIP = NO;
				DEBUG_INFORMATION_FORMAT = dwarf;
				ENABLE_STRICT_OBJC_MSGSEND = YES;
				ENABLE_TESTABILITY = YES;
				GCC_C_LANGUAGE_STANDARD = gnu11;
				GCC_DYNAMIC_NO_PIC = NO;
				GCC_NO_COMMON_BLOCKS = YES;
				GCC_OPTIMIZATION_LEVEL = 0;
				GCC_PREPROCESSOR_DEFINITIONS = (
					"DEBUG=1",
					"$(inherited)",
				);
				GCC_WARN_64_TO_32_BIT_CONVERSION = YES;
				GCC_WARN_ABOUT_RETURN_TYPE = YES_ERROR;
				GCC_WARN_UNDECLARED_SELECTOR = YES;
				GCC_WARN_UNINITIALIZED_AUTOS = YES_AGGRESSIVE;
				GCC_WARN_UNUSED_FUNCTION = YES;
				GCC_WARN_UNUSED_VARIABLE = YES;
				IPHONEOS_DEPLOYMENT_TARGET = 13.5;
				MTL_ENABLE_DEBUG_INFO = INCLUDE_SOURCE;
				MTL_FAST_MATH = YES;
				ONLY_ACTIVE_ARCH = YES;
				SDKROOT = iphoneos;
				SWIFT_ACTIVE_COMPILATION_CONDITIONS = DEBUG;
				SWIFT_OPTIMIZATION_LEVEL = "-Onone";
			};
			name = Debug;
		};
		6B281A7124E38F580047B3F5 /* Release */ = {
			isa = XCBuildConfiguration;
			buildSettings = {
				ALWAYS_SEARCH_USER_PATHS = NO;
				CLANG_ANALYZER_NONNULL = YES;
				CLANG_ANALYZER_NUMBER_OBJECT_CONVERSION = YES_AGGRESSIVE;
				CLANG_CXX_LANGUAGE_STANDARD = "gnu++14";
				CLANG_CXX_LIBRARY = "libc++";
				CLANG_ENABLE_MODULES = YES;
				CLANG_ENABLE_OBJC_ARC = YES;
				CLANG_ENABLE_OBJC_WEAK = YES;
				CLANG_WARN_BLOCK_CAPTURE_AUTORELEASING = YES;
				CLANG_WARN_BOOL_CONVERSION = YES;
				CLANG_WARN_COMMA = YES;
				CLANG_WARN_CONSTANT_CONVERSION = YES;
				CLANG_WARN_DEPRECATED_OBJC_IMPLEMENTATIONS = YES;
				CLANG_WARN_DIRECT_OBJC_ISA_USAGE = YES_ERROR;
				CLANG_WARN_DOCUMENTATION_COMMENTS = YES;
				CLANG_WARN_EMPTY_BODY = YES;
				CLANG_WARN_ENUM_CONVERSION = YES;
				CLANG_WARN_INFINITE_RECURSION = YES;
				CLANG_WARN_INT_CONVERSION = YES;
				CLANG_WARN_NON_LITERAL_NULL_CONVERSION = YES;
				CLANG_WARN_OBJC_IMPLICIT_RETAIN_SELF = YES;
				CLANG_WARN_OBJC_LITERAL_CONVERSION = YES;
				CLANG_WARN_OBJC_ROOT_CLASS = YES_ERROR;
				CLANG_WARN_RANGE_LOOP_ANALYSIS = YES;
				CLANG_WARN_STRICT_PROTOTYPES = YES;
				CLANG_WARN_SUSPICIOUS_MOVE = YES;
				CLANG_WARN_UNGUARDED_AVAILABILITY = YES_AGGRESSIVE;
				CLANG_WARN_UNREACHABLE_CODE = YES;
				CLANG_WARN__DUPLICATE_METHOD_MATCH = YES;
				COPY_PHASE_STRIP = NO;
				DEBUG_INFORMATION_FORMAT = "dwarf-with-dsym";
				ENABLE_NS_ASSERTIONS = NO;
				ENABLE_STRICT_OBJC_MSGSEND = YES;
				GCC_C_LANGUAGE_STANDARD = gnu11;
				GCC_NO_COMMON_BLOCKS = YES;
				GCC_WARN_64_TO_32_BIT_CONVERSION = YES;
				GCC_WARN_ABOUT_RETURN_TYPE = YES_ERROR;
				GCC_WARN_UNDECLARED_SELECTOR = YES;
				GCC_WARN_UNINITIALIZED_AUTOS = YES_AGGRESSIVE;
				GCC_WARN_UNUSED_FUNCTION = YES;
				GCC_WARN_UNUSED_VARIABLE = YES;
				IPHONEOS_DEPLOYMENT_TARGET = 13.5;
				MTL_ENABLE_DEBUG_INFO = NO;
				MTL_FAST_MATH = YES;
				SDKROOT = iphoneos;
				SWIFT_COMPILATION_MODE = wholemodule;
				SWIFT_OPTIMIZATION_LEVEL = "-O";
				VALIDATE_PRODUCT = YES;
			};
			name = Release;
		};
		6B281A7324E38F580047B3F5 /* Debug */ = {
			isa = XCBuildConfiguration;
			buildSettings = {
				ASSETCATALOG_COMPILER_APPICON_NAME = AppIcon;
				CODE_SIGN_STYLE = Automatic;
				DEVELOPMENT_TEAM = V49984Y37Q;
				INFOPLIST_FILE = "Cost Calculator/Info.plist";
				LD_RUNPATH_SEARCH_PATHS = (
					"$(inherited)",
					"@executable_path/Frameworks",
				);
				PRODUCT_BUNDLE_IDENTIFIER = "com.teodoro.Cost-Calculator";
				PRODUCT_NAME = "$(TARGET_NAME)";
				SWIFT_VERSION = 5.0;
				TARGETED_DEVICE_FAMILY = "1,2";
			};
			name = Debug;
		};
		6B281A7424E38F580047B3F5 /* Release */ = {
			isa = XCBuildConfiguration;
			buildSettings = {
				ASSETCATALOG_COMPILER_APPICON_NAME = AppIcon;
				CODE_SIGN_STYLE = Automatic;
				DEVELOPMENT_TEAM = V49984Y37Q;
				INFOPLIST_FILE = "Cost Calculator/Info.plist";
				LD_RUNPATH_SEARCH_PATHS = (
					"$(inherited)",
					"@executable_path/Frameworks",
				);
				PRODUCT_BUNDLE_IDENTIFIER = "com.teodoro.Cost-Calculator";
				PRODUCT_NAME = "$(TARGET_NAME)";
				SWIFT_VERSION = 5.0;
				TARGETED_DEVICE_FAMILY = "1,2";
			};
			name = Release;
		};
		6B32BAF324EE1D8E007D768F /* Debug */ = {
			isa = XCBuildConfiguration;
			buildSettings = {
				BUNDLE_LOADER = "$(TEST_HOST)";
				CODE_SIGN_STYLE = Automatic;
				DEVELOPMENT_TEAM = V49984Y37Q;
				INFOPLIST_FILE = "Cost CalculatorTests/Info.plist";
				LD_RUNPATH_SEARCH_PATHS = (
					"$(inherited)",
					"@executable_path/Frameworks",
					"@loader_path/Frameworks",
				);
				PRODUCT_BUNDLE_IDENTIFIER = "com.teodoro.Cost-CalculatorTests";
				PRODUCT_NAME = "$(TARGET_NAME)";
				SWIFT_VERSION = 5.0;
				TARGETED_DEVICE_FAMILY = "1,2";
				TEST_HOST = "$(BUILT_PRODUCTS_DIR)/Cost Calculator.app/Cost Calculator";
			};
			name = Debug;
		};
		6B32BAF424EE1D8E007D768F /* Release */ = {
			isa = XCBuildConfiguration;
			buildSettings = {
				BUNDLE_LOADER = "$(TEST_HOST)";
				CODE_SIGN_STYLE = Automatic;
				DEVELOPMENT_TEAM = V49984Y37Q;
				INFOPLIST_FILE = "Cost CalculatorTests/Info.plist";
				LD_RUNPATH_SEARCH_PATHS = (
					"$(inherited)",
					"@executable_path/Frameworks",
					"@loader_path/Frameworks",
				);
				PRODUCT_BUNDLE_IDENTIFIER = "com.teodoro.Cost-CalculatorTests";
				PRODUCT_NAME = "$(TARGET_NAME)";
				SWIFT_VERSION = 5.0;
				TARGETED_DEVICE_FAMILY = "1,2";
				TEST_HOST = "$(BUILT_PRODUCTS_DIR)/Cost Calculator.app/Cost Calculator";
			};
			name = Release;
		};
/* End XCBuildConfiguration section */

/* Begin XCConfigurationList section */
		6B281A5924E38F570047B3F5 /* Build configuration list for PBXProject "Cost Calculator" */ = {
			isa = XCConfigurationList;
			buildConfigurations = (
				6B281A7024E38F580047B3F5 /* Debug */,
				6B281A7124E38F580047B3F5 /* Release */,
			);
			defaultConfigurationIsVisible = 0;
			defaultConfigurationName = Release;
		};
		6B281A7224E38F580047B3F5 /* Build configuration list for PBXNativeTarget "Cost Calculator" */ = {
			isa = XCConfigurationList;
			buildConfigurations = (
				6B281A7324E38F580047B3F5 /* Debug */,
				6B281A7424E38F580047B3F5 /* Release */,
			);
			defaultConfigurationIsVisible = 0;
			defaultConfigurationName = Release;
		};
		6B32BAF524EE1D8E007D768F /* Build configuration list for PBXNativeTarget "Cost CalculatorTests" */ = {
			isa = XCConfigurationList;
			buildConfigurations = (
				6B32BAF324EE1D8E007D768F /* Debug */,
				6B32BAF424EE1D8E007D768F /* Release */,
			);
			defaultConfigurationIsVisible = 0;
			defaultConfigurationName = Release;
		};
/* End XCConfigurationList section */
	};
	rootObject = 6B281A5624E38F570047B3F5 /* Project object */;
}
